// !$*UTF8*$!
{
	archiveVersion = 1;
	classes = {
	};
	objectVersion = 51;
	objects = {

/* Begin PBXBuildFile section */
		711477476963AFA8F2ED3064 /* Pods_SpeedMaster.framework in Frameworks */ = {isa = PBXBuildFile; fileRef = 4722208A4602E3B287827483 /* Pods_SpeedMaster.framework */; };
		FF0A113E2612C1880090A846 /* IAPHelper.swift in Sources */ = {isa = PBXBuildFile; fileRef = FF0A113D2612C1880090A846 /* IAPHelper.swift */; };
		FF0A8974260230CD00ADF896 /* Switcher.swift in Sources */ = {isa = PBXBuildFile; fileRef = FF0A8973260230CD00ADF896 /* Switcher.swift */; };
		FF0A89782602313400ADF896 /* UIViewController+Extension.swift in Sources */ = {isa = PBXBuildFile; fileRef = FF0A89772602313400ADF896 /* UIViewController+Extension.swift */; };
		FF0A897B2602314D00ADF896 /* UIView+Extension.swift in Sources */ = {isa = PBXBuildFile; fileRef = FF0A897A2602314D00ADF896 /* UIView+Extension.swift */; };
		FF0A897E2602316900ADF896 /* UITextField+Extension.swift in Sources */ = {isa = PBXBuildFile; fileRef = FF0A897D2602316900ADF896 /* UITextField+Extension.swift */; };
		FF0A89812602318500ADF896 /* UIImage+Extension.swift in Sources */ = {isa = PBXBuildFile; fileRef = FF0A89802602318500ADF896 /* UIImage+Extension.swift */; };
		FF0A8984260231A600ADF896 /* UIColor+Extension.swift in Sources */ = {isa = PBXBuildFile; fileRef = FF0A8983260231A600ADF896 /* UIColor+Extension.swift */; };
		FF0A89A9260231E600ADF896 /* UIFont+Extension.swift in Sources */ = {isa = PBXBuildFile; fileRef = FF0A89A8260231E600ADF896 /* UIFont+Extension.swift */; };
		FF0A89AC2602320000ADF896 /* UITableView+Extension.swift in Sources */ = {isa = PBXBuildFile; fileRef = FF0A89AB2602320000ADF896 /* UITableView+Extension.swift */; };
		FF0A89AF2602325300ADF896 /* NSLayoutConstraint+Extension.swift in Sources */ = {isa = PBXBuildFile; fileRef = FF0A89AE2602325300ADF896 /* NSLayoutConstraint+Extension.swift */; };
		FF0A89B22602326B00ADF896 /* String+Extension.swift in Sources */ = {isa = PBXBuildFile; fileRef = FF0A89B12602326B00ADF896 /* String+Extension.swift */; };
		FF0A89B52602328600ADF896 /* Date+Extension.swift in Sources */ = {isa = PBXBuildFile; fileRef = FF0A89B42602328600ADF896 /* Date+Extension.swift */; };
		FF0A89B82602329D00ADF896 /* Double+Extension.swift in Sources */ = {isa = PBXBuildFile; fileRef = FF0A89B72602329D00ADF896 /* Double+Extension.swift */; };
		FF0EA9B126022E860051FFB7 /* AppDelegate.swift in Sources */ = {isa = PBXBuildFile; fileRef = FF0EA9B026022E860051FFB7 /* AppDelegate.swift */; };
		FF0EA9B826022E860051FFB7 /* Main.storyboard in Resources */ = {isa = PBXBuildFile; fileRef = FF0EA9B626022E860051FFB7 /* Main.storyboard */; };
		FF0EA9BA26022E890051FFB7 /* Assets.xcassets in Resources */ = {isa = PBXBuildFile; fileRef = FF0EA9B926022E890051FFB7 /* Assets.xcassets */; };
		FF0EA9BD26022E890051FFB7 /* LaunchScreen.storyboard in Resources */ = {isa = PBXBuildFile; fileRef = FF0EA9BB26022E890051FFB7 /* LaunchScreen.storyboard */; };
		FF0EA9C926022EC50051FFB7 /* StoreKit.framework in Frameworks */ = {isa = PBXBuildFile; fileRef = FF0EA9C826022EC50051FFB7 /* StoreKit.framework */; };
		FF0EA9D826022FBC0051FFB7 /* PrivacyViewController.swift in Sources */ = {isa = PBXBuildFile; fileRef = FF0EA9D726022FBC0051FFB7 /* PrivacyViewController.swift */; };
		FF10866E260934E900A738FB /* OnboardingViewController.swift in Sources */ = {isa = PBXBuildFile; fileRef = FF10866D260934E900A738FB /* OnboardingViewController.swift */; };
		FF1A65D6260BCE7200ECA29C /* SectionHeader.swift in Sources */ = {isa = PBXBuildFile; fileRef = FF1A65D5260BCE7200ECA29C /* SectionHeader.swift */; };
		FF26C90F260D491B0037965C /* SpeedometerView.swift in Sources */ = {isa = PBXBuildFile; fileRef = FF26C90E260D491B0037965C /* SpeedometerView.swift */; };
		FF26C914260D55400037965C /* WeatherViewController.swift in Sources */ = {isa = PBXBuildFile; fileRef = FF26C913260D55400037965C /* WeatherViewController.swift */; };
		FF26C918260D5F770037965C /* Weather.storyboard in Resources */ = {isa = PBXBuildFile; fileRef = FF26C917260D5F770037965C /* Weather.storyboard */; };
		FF26C92F260D70930037965C /* Weather.swift in Sources */ = {isa = PBXBuildFile; fileRef = FF26C92E260D70930037965C /* Weather.swift */; };
		FF2826E3260D207100C6C7A8 /* ReferenceLines.swift in Sources */ = {isa = PBXBuildFile; fileRef = FF2826E2260D207100C6C7A8 /* ReferenceLines.swift */; };
		FF2826F9260D214D00C6C7A8 /* ScrollableGraphView.swift in Sources */ = {isa = PBXBuildFile; fileRef = FF2826F8260D214D00C6C7A8 /* ScrollableGraphView.swift */; };
		FF2826FC260D217400C6C7A8 /* LabelPool.swift in Sources */ = {isa = PBXBuildFile; fileRef = FF2826FB260D217400C6C7A8 /* LabelPool.swift */; };
		FF2826FF260D21AA00C6C7A8 /* ScrollableGraphViewDataSource.swift in Sources */ = {isa = PBXBuildFile; fileRef = FF2826FE260D21AA00C6C7A8 /* ScrollableGraphViewDataSource.swift */; };
		FF282702260D21DD00C6C7A8 /* ScrollableGraphViewDrawingDelegate.swift in Sources */ = {isa = PBXBuildFile; fileRef = FF282701260D21DD00C6C7A8 /* ScrollableGraphViewDrawingDelegate.swift */; };
		FF282706260D220500C6C7A8 /* Plot.swift in Sources */ = {isa = PBXBuildFile; fileRef = FF282705260D220500C6C7A8 /* Plot.swift */; };
		FF28270A260D221F00C6C7A8 /* BarPlot.swift in Sources */ = {isa = PBXBuildFile; fileRef = FF282709260D221F00C6C7A8 /* BarPlot.swift */; };
		FF28270E260D223B00C6C7A8 /* GraphPoint.swift in Sources */ = {isa = PBXBuildFile; fileRef = FF28270D260D223B00C6C7A8 /* GraphPoint.swift */; };
		FF282711260D225000C6C7A8 /* GraphPointAnimation.swift in Sources */ = {isa = PBXBuildFile; fileRef = FF282710260D225000C6C7A8 /* GraphPointAnimation.swift */; };
		FF282714260D227300C6C7A8 /* BarDrawingLayer.swift in Sources */ = {isa = PBXBuildFile; fileRef = FF282713260D227300C6C7A8 /* BarDrawingLayer.swift */; };
		FF282717260D22A200C6C7A8 /* ScrollableGraphViewDrawingLayer.swift in Sources */ = {isa = PBXBuildFile; fileRef = FF282716260D22A200C6C7A8 /* ScrollableGraphViewDrawingLayer.swift */; };
		FF28271A260D233D00C6C7A8 /* ReferenceLineDrawingView.swift in Sources */ = {isa = PBXBuildFile; fileRef = FF282719260D233D00C6C7A8 /* ReferenceLineDrawingView.swift */; };
		FF28271D260D237300C6C7A8 /* GradientDrawingLayer.swift in Sources */ = {isa = PBXBuildFile; fileRef = FF28271C260D237300C6C7A8 /* GradientDrawingLayer.swift */; };
		FF282720260D239A00C6C7A8 /* LineDrawingLayer.swift in Sources */ = {isa = PBXBuildFile; fileRef = FF28271F260D239A00C6C7A8 /* LineDrawingLayer.swift */; };
		FF282723260D23D100C6C7A8 /* DotPlot.swift in Sources */ = {isa = PBXBuildFile; fileRef = FF282722260D23D100C6C7A8 /* DotPlot.swift */; };
		FF282727260D23E300C6C7A8 /* LinePlot.swift in Sources */ = {isa = PBXBuildFile; fileRef = FF282726260D23E300C6C7A8 /* LinePlot.swift */; };
		FF28272A260D23FF00C6C7A8 /* DotDrawingLayer.swift in Sources */ = {isa = PBXBuildFile; fileRef = FF282729260D23FF00C6C7A8 /* DotDrawingLayer.swift */; };
		FF28272D260D241400C6C7A8 /* FillDrawingLayer.swift in Sources */ = {isa = PBXBuildFile; fileRef = FF28272C260D241400C6C7A8 /* FillDrawingLayer.swift */; };
		FF47FF9426116AF80074AC04 /* Sorting.swift in Sources */ = {isa = PBXBuildFile; fileRef = FF47FF9326116AF80074AC04 /* Sorting.swift */; };
		FF6912D826045D2D0049DBA7 /* LaunchView.xib in Resources */ = {isa = PBXBuildFile; fileRef = FF6912D726045D2D0049DBA7 /* LaunchView.xib */; };
		FF6912DB260471CE0049DBA7 /* MainTabBarViewController.swift in Sources */ = {isa = PBXBuildFile; fileRef = FF6912DA260471CE0049DBA7 /* MainTabBarViewController.swift */; };
		FF6912DE2604729B0049DBA7 /* HistoryViewController.swift in Sources */ = {isa = PBXBuildFile; fileRef = FF6912DD2604729B0049DBA7 /* HistoryViewController.swift */; };
		FF6912E1260472AB0049DBA7 /* SpeedometerViewController.swift in Sources */ = {isa = PBXBuildFile; fileRef = FF6912E0260472AB0049DBA7 /* SpeedometerViewController.swift */; };
		FF6912E4260472B50049DBA7 /* SettingsViewController.swift in Sources */ = {isa = PBXBuildFile; fileRef = FF6912E3260472B50049DBA7 /* SettingsViewController.swift */; };
		FF6912EA260473600049DBA7 /* UpgradeToPremiumViewController.swift in Sources */ = {isa = PBXBuildFile; fileRef = FF6912E9260473600049DBA7 /* UpgradeToPremiumViewController.swift */; };
		FF6912EE260473760049DBA7 /* UpgradeFromSettingsViewController.swift in Sources */ = {isa = PBXBuildFile; fileRef = FF6912ED260473760049DBA7 /* UpgradeFromSettingsViewController.swift */; };
		FF6912F12604742D0049DBA7 /* Functions.swift in Sources */ = {isa = PBXBuildFile; fileRef = FF6912F02604742D0049DBA7 /* Functions.swift */; };
		FF6912F4260480870049DBA7 /* UITabBar+Extension.swift in Sources */ = {isa = PBXBuildFile; fileRef = FF6912F3260480870049DBA7 /* UITabBar+Extension.swift */; };
		FF704EAB260AA00700D0919A /* HistoryTableViewCell.swift in Sources */ = {isa = PBXBuildFile; fileRef = FF704EA9260AA00700D0919A /* HistoryTableViewCell.swift */; };
		FF704EAC260AA00700D0919A /* HistoryTableViewCell.xib in Resources */ = {isa = PBXBuildFile; fileRef = FF704EAA260AA00700D0919A /* HistoryTableViewCell.xib */; };
		FF7B83F4260E327F00021D3A /* CircularProgress.swift in Sources */ = {isa = PBXBuildFile; fileRef = FF7B83F3260E327F00021D3A /* CircularProgress.swift */; };
		FF9629E52627BF9A00083278 /* SF-Pro-Display-BlackItalic.otf in Resources */ = {isa = PBXBuildFile; fileRef = FF9629DC2627BF9800083278 /* SF-Pro-Display-BlackItalic.otf */; };
		FF9629E62627BF9A00083278 /* SF-Pro-Display-ThinItalic.otf in Resources */ = {isa = PBXBuildFile; fileRef = FF9629DD2627BF9800083278 /* SF-Pro-Display-ThinItalic.otf */; };
		FF9629E72627BF9A00083278 /* SF-Pro-Display-MediumItalic.otf in Resources */ = {isa = PBXBuildFile; fileRef = FF9629DE2627BF9800083278 /* SF-Pro-Display-MediumItalic.otf */; };
		FF9629E82627BF9A00083278 /* SF-Pro-Display-RegularItalic.otf in Resources */ = {isa = PBXBuildFile; fileRef = FF9629DF2627BF9900083278 /* SF-Pro-Display-RegularItalic.otf */; };
		FF9629E92627BF9A00083278 /* SF-Pro-Display-UltralightItalic.otf in Resources */ = {isa = PBXBuildFile; fileRef = FF9629E02627BF9900083278 /* SF-Pro-Display-UltralightItalic.otf */; };
		FF9629EA2627BF9A00083278 /* SF-Pro-Display-LightItalic.otf in Resources */ = {isa = PBXBuildFile; fileRef = FF9629E12627BF9900083278 /* SF-Pro-Display-LightItalic.otf */; };
		FF9629EB2627BF9A00083278 /* SF-Pro-Display-SemiboldItalic.otf in Resources */ = {isa = PBXBuildFile; fileRef = FF9629E22627BF9900083278 /* SF-Pro-Display-SemiboldItalic.otf */; };
		FF9629EC2627BF9A00083278 /* SF-Pro-Display-HeavyItalic.otf in Resources */ = {isa = PBXBuildFile; fileRef = FF9629E32627BF9900083278 /* SF-Pro-Display-HeavyItalic.otf */; };
		FF9629ED2627BF9A00083278 /* SF-Pro-Display-BoldItalic.otf in Resources */ = {isa = PBXBuildFile; fileRef = FF9629E42627BF9A00083278 /* SF-Pro-Display-BoldItalic.otf */; };
		FFB74C702605232D0087AE07 /* Onboarding.storyboard in Resources */ = {isa = PBXBuildFile; fileRef = FFB74C6F2605232D0087AE07 /* Onboarding.storyboard */; };
		FFB74C872605257D0087AE07 /* SF-Pro-Display-Black.otf in Resources */ = {isa = PBXBuildFile; fileRef = FFB74C75260525790087AE07 /* SF-Pro-Display-Black.otf */; };
		FFB74C8B2605257D0087AE07 /* SF-Pro-Display-Light.otf in Resources */ = {isa = PBXBuildFile; fileRef = FFB74C792605257A0087AE07 /* SF-Pro-Display-Light.otf */; };
		FFB74C8C2605257D0087AE07 /* SF-Pro-Display-Thin.otf in Resources */ = {isa = PBXBuildFile; fileRef = FFB74C7A2605257A0087AE07 /* SF-Pro-Display-Thin.otf */; };
		FFB74C8D2605257D0087AE07 /* SF-Pro-Display-Regular.otf in Resources */ = {isa = PBXBuildFile; fileRef = FFB74C7B2605257A0087AE07 /* SF-Pro-Display-Regular.otf */; };
		FFB74C8E2605257D0087AE07 /* SF-Pro-Display-Bold.otf in Resources */ = {isa = PBXBuildFile; fileRef = FFB74C7C2605257A0087AE07 /* SF-Pro-Display-Bold.otf */; };
		FFB74C8F2605257D0087AE07 /* SF-Pro-Display-Heavy.otf in Resources */ = {isa = PBXBuildFile; fileRef = FFB74C7D2605257B0087AE07 /* SF-Pro-Display-Heavy.otf */; };
		FFB74C912605257D0087AE07 /* SF-Pro-Display-Ultralight.otf in Resources */ = {isa = PBXBuildFile; fileRef = FFB74C7F2605257B0087AE07 /* SF-Pro-Display-Ultralight.otf */; };
		FFB74C932605257D0087AE07 /* SF-Pro-Display-Semibold.otf in Resources */ = {isa = PBXBuildFile; fileRef = FFB74C812605257C0087AE07 /* SF-Pro-Display-Semibold.otf */; };
		FFB74C942605257D0087AE07 /* SF-Pro-Display-Medium.otf in Resources */ = {isa = PBXBuildFile; fileRef = FFB74C822605257C0087AE07 /* SF-Pro-Display-Medium.otf */; };
		FFB74CA5260527F00087AE07 /* SF-Pro-Text-HeavyItalic.otf in Resources */ = {isa = PBXBuildFile; fileRef = FFB74C99260527EE0087AE07 /* SF-Pro-Text-HeavyItalic.otf */; };
		FFB74CA6260527F00087AE07 /* SF-Pro-Text-MediumItalic.otf in Resources */ = {isa = PBXBuildFile; fileRef = FFB74C9A260527EE0087AE07 /* SF-Pro-Text-MediumItalic.otf */; };
		FFB74CA7260527F00087AE07 /* SF-Pro-Text-RegularItalic.otf in Resources */ = {isa = PBXBuildFile; fileRef = FFB74C9B260527EE0087AE07 /* SF-Pro-Text-RegularItalic.otf */; };
		FFB74CA8260527F00087AE07 /* SF-Pro-Text-Bold.otf in Resources */ = {isa = PBXBuildFile; fileRef = FFB74C9C260527EF0087AE07 /* SF-Pro-Text-Bold.otf */; };
		FFB74CA9260527F00087AE07 /* SF-Pro-Text-Semibold.otf in Resources */ = {isa = PBXBuildFile; fileRef = FFB74C9D260527EF0087AE07 /* SF-Pro-Text-Semibold.otf */; };
		FFB74CAA260527F00087AE07 /* SF-Pro-Text-Regular.otf in Resources */ = {isa = PBXBuildFile; fileRef = FFB74C9E260527EF0087AE07 /* SF-Pro-Text-Regular.otf */; };
		FFB74CAB260527F00087AE07 /* SF-Pro-Text-BoldItalic.otf in Resources */ = {isa = PBXBuildFile; fileRef = FFB74C9F260527EF0087AE07 /* SF-Pro-Text-BoldItalic.otf */; };
		FFB74CAC260527F00087AE07 /* SF-Pro-Text-Light.otf in Resources */ = {isa = PBXBuildFile; fileRef = FFB74CA0260527F00087AE07 /* SF-Pro-Text-Light.otf */; };
		FFB74CAD260527F00087AE07 /* SF-Pro-Text-SemiboldItalic.otf in Resources */ = {isa = PBXBuildFile; fileRef = FFB74CA1260527F00087AE07 /* SF-Pro-Text-SemiboldItalic.otf */; };
		FFB74CAE260527F00087AE07 /* SF-Pro-Text-Medium.otf in Resources */ = {isa = PBXBuildFile; fileRef = FFB74CA2260527F00087AE07 /* SF-Pro-Text-Medium.otf */; };
		FFB74CAF260527F00087AE07 /* SF-Pro-Text-Heavy.otf in Resources */ = {isa = PBXBuildFile; fileRef = FFB74CA3260527F00087AE07 /* SF-Pro-Text-Heavy.otf */; };
		FFB74CB0260527F00087AE07 /* SF-Pro-Text-LightItalic.otf in Resources */ = {isa = PBXBuildFile; fileRef = FFB74CA4260527F00087AE07 /* SF-Pro-Text-LightItalic.otf */; };
		FFB74CB32605369D0087AE07 /* ErrorHandling.swift in Sources */ = {isa = PBXBuildFile; fileRef = FFB74CB22605369D0087AE07 /* ErrorHandling.swift */; };
		FFB74CB7260536EC0087AE07 /* SnakePageControl.swift in Sources */ = {isa = PBXBuildFile; fileRef = FFB74CB6260536EC0087AE07 /* SnakePageControl.swift */; };
		FFB74CBA2605371F0087AE07 /* Service.swift in Sources */ = {isa = PBXBuildFile; fileRef = FFB74CB92605371F0087AE07 /* Service.swift */; };
		FFB74CBD2605377C0087AE07 /* NetworkActivityIndicatorManager.swift in Sources */ = {isa = PBXBuildFile; fileRef = FFB74CBC2605377C0087AE07 /* NetworkActivityIndicatorManager.swift */; };
		FFB74CC1260537A20087AE07 /* User.swift in Sources */ = {isa = PBXBuildFile; fileRef = FFB74CC0260537A20087AE07 /* User.swift */; };
		FFB74CC6260537C00087AE07 /* History.swift in Sources */ = {isa = PBXBuildFile; fileRef = FFB74CC5260537C00087AE07 /* History.swift */; };
		FFB74CC9260537CC0087AE07 /* HistoryCellModel.swift in Sources */ = {isa = PBXBuildFile; fileRef = FFB74CC8260537CC0087AE07 /* HistoryCellModel.swift */; };
		FFB74CCC260537E30087AE07 /* SpeedMasterProducts.swift in Sources */ = {isa = PBXBuildFile; fileRef = FFB74CCB260537E30087AE07 /* SpeedMasterProducts.swift */; };
		FFB74CD0260537FD0087AE07 /* Settings.swift in Sources */ = {isa = PBXBuildFile; fileRef = FFB74CCF260537FD0087AE07 /* Settings.swift */; };
		FFB74CD3260538080087AE07 /* SettingsCellModel.swift in Sources */ = {isa = PBXBuildFile; fileRef = FFB74CD2260538080087AE07 /* SettingsCellModel.swift */; };
		FFB74CDB260538710087AE07 /* Premium.storyboard in Resources */ = {isa = PBXBuildFile; fileRef = FFB74CDA260538710087AE07 /* Premium.storyboard */; };
		FFBBD8B126100879006E678D /* Graph.swift in Sources */ = {isa = PBXBuildFile; fileRef = FFBBD8B026100879006E678D /* Graph.swift */; };
		FFC5DAA0260539D800B8D5F6 /* PremiumTitle.swift in Sources */ = {isa = PBXBuildFile; fileRef = FFC5DA9F260539D800B8D5F6 /* PremiumTitle.swift */; };
		FFC5DAA92605426C00B8D5F6 /* FooterView.swift in Sources */ = {isa = PBXBuildFile; fileRef = FFC5DAA82605426C00B8D5F6 /* FooterView.swift */; };
		FFC5DAAF260545A700B8D5F6 /* Slide.swift in Sources */ = {isa = PBXBuildFile; fileRef = FFC5DAAE260545A700B8D5F6 /* Slide.swift */; };
		FFC5DAB2260545B100B8D5F6 /* Slide.xib in Resources */ = {isa = PBXBuildFile; fileRef = FFC5DAB1260545B100B8D5F6 /* Slide.xib */; };
		FFC5DAC0260562A600B8D5F6 /* SettingsTableViewCell.swift in Sources */ = {isa = PBXBuildFile; fileRef = FFC5DABE260562A500B8D5F6 /* SettingsTableViewCell.swift */; };
		FFC5DAC1260562A600B8D5F6 /* SettingsTableViewCell.xib in Resources */ = {isa = PBXBuildFile; fileRef = FFC5DABF260562A600B8D5F6 /* SettingsTableViewCell.xib */; };
		FFCDECA02608026A00C3A10D /* Constants.swift in Sources */ = {isa = PBXBuildFile; fileRef = FFCDEC9F2608026A00C3A10D /* Constants.swift */; };
		FFCDECA426080FCF00C3A10D /* MeasureViewController.swift in Sources */ = {isa = PBXBuildFile; fileRef = FFCDECA326080FCF00C3A10D /* MeasureViewController.swift */; };
		FFD5025F260BE880001A9C15 /* SortViewController.swift in Sources */ = {isa = PBXBuildFile; fileRef = FFD5025E260BE880001A9C15 /* SortViewController.swift */; };
		FFD50269260BF2DC001A9C15 /* Cache.swift in Sources */ = {isa = PBXBuildFile; fileRef = FFD50268260BF2DC001A9C15 /* Cache.swift */; };
		FFD50291260C2C03001A9C15 /* Examples.swift in Sources */ = {isa = PBXBuildFile; fileRef = FFD50290260C2C03001A9C15 /* Examples.swift */; };
		FFD50294260C2C3F001A9C15 /* GraphType.swift in Sources */ = {isa = PBXBuildFile; fileRef = FFD50293260C2C3F001A9C15 /* GraphType.swift */; };
		FFD564CB2609245600BC4593 /* MainNavigationController.swift in Sources */ = {isa = PBXBuildFile; fileRef = FFD564CA2609245600BC4593 /* MainNavigationController.swift */; };
		FFD7CA152614DA4F002FBED1 /* GoogleService-Info.plist in Resources */ = {isa = PBXBuildFile; fileRef = FFD7CA142614DA4F002FBED1 /* GoogleService-Info.plist */; };
		FFE56CD02606C29400A8370A /* UIDevice+Extension.swift in Sources */ = {isa = PBXBuildFile; fileRef = FFE56CCF2606C29400A8370A /* UIDevice+Extension.swift */; };
		FFF1D3D6260E805B00133CBD /* Unit.swift in Sources */ = {isa = PBXBuildFile; fileRef = FFF1D3D5260E805B00133CBD /* Unit.swift */; };
		FFF1D3D9260EA68700133CBD /* Sequence+Extension.swift in Sources */ = {isa = PBXBuildFile; fileRef = FFF1D3D8260EA68600133CBD /* Sequence+Extension.swift */; };
/* End PBXBuildFile section */

/* Begin PBXFileReference section */
		108DA1997D8FDD5F81296C83 /* Pods-SpeedMaster.release.xcconfig */ = {isa = PBXFileReference; includeInIndex = 1; lastKnownFileType = text.xcconfig; name = "Pods-SpeedMaster.release.xcconfig"; path = "Target Support Files/Pods-SpeedMaster/Pods-SpeedMaster.release.xcconfig"; sourceTree = "<group>"; };
		4722208A4602E3B287827483 /* Pods_SpeedMaster.framework */ = {isa = PBXFileReference; explicitFileType = wrapper.framework; includeInIndex = 0; path = Pods_SpeedMaster.framework; sourceTree = BUILT_PRODUCTS_DIR; };
		B5E85D7C7F1E2F6CF0B6A7BF /* Pods-SpeedMaster.debug.xcconfig */ = {isa = PBXFileReference; includeInIndex = 1; lastKnownFileType = text.xcconfig; name = "Pods-SpeedMaster.debug.xcconfig"; path = "Target Support Files/Pods-SpeedMaster/Pods-SpeedMaster.debug.xcconfig"; sourceTree = "<group>"; };
		FF0A113D2612C1880090A846 /* IAPHelper.swift */ = {isa = PBXFileReference; lastKnownFileType = sourcecode.swift; path = IAPHelper.swift; sourceTree = "<group>"; };
		FF0A8973260230CD00ADF896 /* Switcher.swift */ = {isa = PBXFileReference; lastKnownFileType = sourcecode.swift; path = Switcher.swift; sourceTree = "<group>"; };
		FF0A89772602313400ADF896 /* UIViewController+Extension.swift */ = {isa = PBXFileReference; lastKnownFileType = sourcecode.swift; path = "UIViewController+Extension.swift"; sourceTree = "<group>"; };
		FF0A897A2602314D00ADF896 /* UIView+Extension.swift */ = {isa = PBXFileReference; lastKnownFileType = sourcecode.swift; path = "UIView+Extension.swift"; sourceTree = "<group>"; };
		FF0A897D2602316900ADF896 /* UITextField+Extension.swift */ = {isa = PBXFileReference; lastKnownFileType = sourcecode.swift; path = "UITextField+Extension.swift"; sourceTree = "<group>"; };
		FF0A89802602318500ADF896 /* UIImage+Extension.swift */ = {isa = PBXFileReference; lastKnownFileType = sourcecode.swift; path = "UIImage+Extension.swift"; sourceTree = "<group>"; };
		FF0A8983260231A600ADF896 /* UIColor+Extension.swift */ = {isa = PBXFileReference; lastKnownFileType = sourcecode.swift; path = "UIColor+Extension.swift"; sourceTree = "<group>"; };
		FF0A89A8260231E600ADF896 /* UIFont+Extension.swift */ = {isa = PBXFileReference; lastKnownFileType = sourcecode.swift; path = "UIFont+Extension.swift"; sourceTree = "<group>"; };
		FF0A89AB2602320000ADF896 /* UITableView+Extension.swift */ = {isa = PBXFileReference; lastKnownFileType = sourcecode.swift; path = "UITableView+Extension.swift"; sourceTree = "<group>"; };
		FF0A89AE2602325300ADF896 /* NSLayoutConstraint+Extension.swift */ = {isa = PBXFileReference; lastKnownFileType = sourcecode.swift; path = "NSLayoutConstraint+Extension.swift"; sourceTree = "<group>"; };
		FF0A89B12602326B00ADF896 /* String+Extension.swift */ = {isa = PBXFileReference; lastKnownFileType = sourcecode.swift; path = "String+Extension.swift"; sourceTree = "<group>"; };
		FF0A89B42602328600ADF896 /* Date+Extension.swift */ = {isa = PBXFileReference; lastKnownFileType = sourcecode.swift; path = "Date+Extension.swift"; sourceTree = "<group>"; };
		FF0A89B72602329D00ADF896 /* Double+Extension.swift */ = {isa = PBXFileReference; lastKnownFileType = sourcecode.swift; path = "Double+Extension.swift"; sourceTree = "<group>"; };
		FF0EA9AD26022E860051FFB7 /* SpeedMaster.app */ = {isa = PBXFileReference; explicitFileType = wrapper.application; includeInIndex = 0; path = SpeedMaster.app; sourceTree = BUILT_PRODUCTS_DIR; };
		FF0EA9B026022E860051FFB7 /* AppDelegate.swift */ = {isa = PBXFileReference; lastKnownFileType = sourcecode.swift; path = AppDelegate.swift; sourceTree = "<group>"; };
		FF0EA9B726022E860051FFB7 /* Base */ = {isa = PBXFileReference; lastKnownFileType = file.storyboard; name = Base; path = Base.lproj/Main.storyboard; sourceTree = "<group>"; };
		FF0EA9B926022E890051FFB7 /* Assets.xcassets */ = {isa = PBXFileReference; lastKnownFileType = folder.assetcatalog; path = Assets.xcassets; sourceTree = "<group>"; };
		FF0EA9BC26022E890051FFB7 /* Base */ = {isa = PBXFileReference; lastKnownFileType = file.storyboard; name = Base; path = Base.lproj/LaunchScreen.storyboard; sourceTree = "<group>"; };
		FF0EA9BE26022E890051FFB7 /* Info.plist */ = {isa = PBXFileReference; lastKnownFileType = text.plist.xml; path = Info.plist; sourceTree = "<group>"; };
		FF0EA9C826022EC50051FFB7 /* StoreKit.framework */ = {isa = PBXFileReference; lastKnownFileType = wrapper.framework; name = StoreKit.framework; path = System/Library/Frameworks/StoreKit.framework; sourceTree = SDKROOT; };
		FF0EA9D726022FBC0051FFB7 /* PrivacyViewController.swift */ = {isa = PBXFileReference; lastKnownFileType = sourcecode.swift; path = PrivacyViewController.swift; sourceTree = "<group>"; };
		FF10866D260934E900A738FB /* OnboardingViewController.swift */ = {isa = PBXFileReference; lastKnownFileType = sourcecode.swift; path = OnboardingViewController.swift; sourceTree = "<group>"; };
		FF1A65D5260BCE7200ECA29C /* SectionHeader.swift */ = {isa = PBXFileReference; lastKnownFileType = sourcecode.swift; path = SectionHeader.swift; sourceTree = "<group>"; };
		FF26C90E260D491B0037965C /* SpeedometerView.swift */ = {isa = PBXFileReference; lastKnownFileType = sourcecode.swift; path = SpeedometerView.swift; sourceTree = "<group>"; };
		FF26C913260D55400037965C /* WeatherViewController.swift */ = {isa = PBXFileReference; lastKnownFileType = sourcecode.swift; path = WeatherViewController.swift; sourceTree = "<group>"; };
		FF26C917260D5F770037965C /* Weather.storyboard */ = {isa = PBXFileReference; lastKnownFileType = file.storyboard; path = Weather.storyboard; sourceTree = "<group>"; };
		FF26C92E260D70930037965C /* Weather.swift */ = {isa = PBXFileReference; lastKnownFileType = sourcecode.swift; path = Weather.swift; sourceTree = "<group>"; };
		FF2826E2260D207100C6C7A8 /* ReferenceLines.swift */ = {isa = PBXFileReference; lastKnownFileType = sourcecode.swift; path = ReferenceLines.swift; sourceTree = "<group>"; };
		FF2826F8260D214D00C6C7A8 /* ScrollableGraphView.swift */ = {isa = PBXFileReference; lastKnownFileType = sourcecode.swift; path = ScrollableGraphView.swift; sourceTree = "<group>"; };
		FF2826FB260D217400C6C7A8 /* LabelPool.swift */ = {isa = PBXFileReference; lastKnownFileType = sourcecode.swift; path = LabelPool.swift; sourceTree = "<group>"; };
		FF2826FE260D21AA00C6C7A8 /* ScrollableGraphViewDataSource.swift */ = {isa = PBXFileReference; lastKnownFileType = sourcecode.swift; path = ScrollableGraphViewDataSource.swift; sourceTree = "<group>"; };
		FF282701260D21DD00C6C7A8 /* ScrollableGraphViewDrawingDelegate.swift */ = {isa = PBXFileReference; lastKnownFileType = sourcecode.swift; path = ScrollableGraphViewDrawingDelegate.swift; sourceTree = "<group>"; };
		FF282705260D220500C6C7A8 /* Plot.swift */ = {isa = PBXFileReference; lastKnownFileType = sourcecode.swift; path = Plot.swift; sourceTree = "<group>"; };
		FF282709260D221F00C6C7A8 /* BarPlot.swift */ = {isa = PBXFileReference; lastKnownFileType = sourcecode.swift; path = BarPlot.swift; sourceTree = "<group>"; };
		FF28270D260D223B00C6C7A8 /* GraphPoint.swift */ = {isa = PBXFileReference; lastKnownFileType = sourcecode.swift; path = GraphPoint.swift; sourceTree = "<group>"; };
		FF282710260D225000C6C7A8 /* GraphPointAnimation.swift */ = {isa = PBXFileReference; lastKnownFileType = sourcecode.swift; path = GraphPointAnimation.swift; sourceTree = "<group>"; };
		FF282713260D227300C6C7A8 /* BarDrawingLayer.swift */ = {isa = PBXFileReference; lastKnownFileType = sourcecode.swift; path = BarDrawingLayer.swift; sourceTree = "<group>"; };
		FF282716260D22A200C6C7A8 /* ScrollableGraphViewDrawingLayer.swift */ = {isa = PBXFileReference; lastKnownFileType = sourcecode.swift; path = ScrollableGraphViewDrawingLayer.swift; sourceTree = "<group>"; };
		FF282719260D233D00C6C7A8 /* ReferenceLineDrawingView.swift */ = {isa = PBXFileReference; lastKnownFileType = sourcecode.swift; path = ReferenceLineDrawingView.swift; sourceTree = "<group>"; };
		FF28271C260D237300C6C7A8 /* GradientDrawingLayer.swift */ = {isa = PBXFileReference; lastKnownFileType = sourcecode.swift; path = GradientDrawingLayer.swift; sourceTree = "<group>"; };
		FF28271F260D239A00C6C7A8 /* LineDrawingLayer.swift */ = {isa = PBXFileReference; lastKnownFileType = sourcecode.swift; path = LineDrawingLayer.swift; sourceTree = "<group>"; };
		FF282722260D23D100C6C7A8 /* DotPlot.swift */ = {isa = PBXFileReference; lastKnownFileType = sourcecode.swift; path = DotPlot.swift; sourceTree = "<group>"; };
		FF282726260D23E300C6C7A8 /* LinePlot.swift */ = {isa = PBXFileReference; lastKnownFileType = sourcecode.swift; path = LinePlot.swift; sourceTree = "<group>"; };
		FF282729260D23FF00C6C7A8 /* DotDrawingLayer.swift */ = {isa = PBXFileReference; lastKnownFileType = sourcecode.swift; path = DotDrawingLayer.swift; sourceTree = "<group>"; };
		FF28272C260D241400C6C7A8 /* FillDrawingLayer.swift */ = {isa = PBXFileReference; lastKnownFileType = sourcecode.swift; path = FillDrawingLayer.swift; sourceTree = "<group>"; };
		FF47FF9326116AF80074AC04 /* Sorting.swift */ = {isa = PBXFileReference; lastKnownFileType = sourcecode.swift; path = Sorting.swift; sourceTree = "<group>"; };
		FF6912D726045D2D0049DBA7 /* LaunchView.xib */ = {isa = PBXFileReference; lastKnownFileType = file.xib; path = LaunchView.xib; sourceTree = "<group>"; };
		FF6912DA260471CE0049DBA7 /* MainTabBarViewController.swift */ = {isa = PBXFileReference; lastKnownFileType = sourcecode.swift; path = MainTabBarViewController.swift; sourceTree = "<group>"; };
		FF6912DD2604729B0049DBA7 /* HistoryViewController.swift */ = {isa = PBXFileReference; lastKnownFileType = sourcecode.swift; path = HistoryViewController.swift; sourceTree = "<group>"; };
		FF6912E0260472AB0049DBA7 /* SpeedometerViewController.swift */ = {isa = PBXFileReference; lastKnownFileType = sourcecode.swift; path = SpeedometerViewController.swift; sourceTree = "<group>"; };
		FF6912E3260472B50049DBA7 /* SettingsViewController.swift */ = {isa = PBXFileReference; lastKnownFileType = sourcecode.swift; path = SettingsViewController.swift; sourceTree = "<group>"; };
		FF6912E9260473600049DBA7 /* UpgradeToPremiumViewController.swift */ = {isa = PBXFileReference; lastKnownFileType = sourcecode.swift; path = UpgradeToPremiumViewController.swift; sourceTree = "<group>"; };
		FF6912ED260473760049DBA7 /* UpgradeFromSettingsViewController.swift */ = {isa = PBXFileReference; lastKnownFileType = sourcecode.swift; path = UpgradeFromSettingsViewController.swift; sourceTree = "<group>"; };
		FF6912F02604742D0049DBA7 /* Functions.swift */ = {isa = PBXFileReference; lastKnownFileType = sourcecode.swift; path = Functions.swift; sourceTree = "<group>"; };
		FF6912F3260480870049DBA7 /* UITabBar+Extension.swift */ = {isa = PBXFileReference; lastKnownFileType = sourcecode.swift; path = "UITabBar+Extension.swift"; sourceTree = "<group>"; };
		FF704EA9260AA00700D0919A /* HistoryTableViewCell.swift */ = {isa = PBXFileReference; lastKnownFileType = sourcecode.swift; path = HistoryTableViewCell.swift; sourceTree = "<group>"; };
		FF704EAA260AA00700D0919A /* HistoryTableViewCell.xib */ = {isa = PBXFileReference; lastKnownFileType = file.xib; path = HistoryTableViewCell.xib; sourceTree = "<group>"; };
		FF7B83F3260E327F00021D3A /* CircularProgress.swift */ = {isa = PBXFileReference; lastKnownFileType = sourcecode.swift; path = CircularProgress.swift; sourceTree = "<group>"; };
		FF9629DC2627BF9800083278 /* SF-Pro-Display-BlackItalic.otf */ = {isa = PBXFileReference; lastKnownFileType = file; path = "SF-Pro-Display-BlackItalic.otf"; sourceTree = "<group>"; };
		FF9629DD2627BF9800083278 /* SF-Pro-Display-ThinItalic.otf */ = {isa = PBXFileReference; lastKnownFileType = file; path = "SF-Pro-Display-ThinItalic.otf"; sourceTree = "<group>"; };
		FF9629DE2627BF9800083278 /* SF-Pro-Display-MediumItalic.otf */ = {isa = PBXFileReference; lastKnownFileType = file; path = "SF-Pro-Display-MediumItalic.otf"; sourceTree = "<group>"; };
		FF9629DF2627BF9900083278 /* SF-Pro-Display-RegularItalic.otf */ = {isa = PBXFileReference; lastKnownFileType = file; path = "SF-Pro-Display-RegularItalic.otf"; sourceTree = "<group>"; };
		FF9629E02627BF9900083278 /* SF-Pro-Display-UltralightItalic.otf */ = {isa = PBXFileReference; lastKnownFileType = file; path = "SF-Pro-Display-UltralightItalic.otf"; sourceTree = "<group>"; };
		FF9629E12627BF9900083278 /* SF-Pro-Display-LightItalic.otf */ = {isa = PBXFileReference; lastKnownFileType = file; path = "SF-Pro-Display-LightItalic.otf"; sourceTree = "<group>"; };
		FF9629E22627BF9900083278 /* SF-Pro-Display-SemiboldItalic.otf */ = {isa = PBXFileReference; lastKnownFileType = file; path = "SF-Pro-Display-SemiboldItalic.otf"; sourceTree = "<group>"; };
		FF9629E32627BF9900083278 /* SF-Pro-Display-HeavyItalic.otf */ = {isa = PBXFileReference; lastKnownFileType = file; path = "SF-Pro-Display-HeavyItalic.otf"; sourceTree = "<group>"; };
		FF9629E42627BF9A00083278 /* SF-Pro-Display-BoldItalic.otf */ = {isa = PBXFileReference; lastKnownFileType = file; path = "SF-Pro-Display-BoldItalic.otf"; sourceTree = "<group>"; };
		FFB74C6F2605232D0087AE07 /* Onboarding.storyboard */ = {isa = PBXFileReference; lastKnownFileType = file.storyboard; path = Onboarding.storyboard; sourceTree = "<group>"; };
		FFB74C75260525790087AE07 /* SF-Pro-Display-Black.otf */ = {isa = PBXFileReference; lastKnownFileType = file; path = "SF-Pro-Display-Black.otf"; sourceTree = "<group>"; };
		FFB74C792605257A0087AE07 /* SF-Pro-Display-Light.otf */ = {isa = PBXFileReference; lastKnownFileType = file; path = "SF-Pro-Display-Light.otf"; sourceTree = "<group>"; };
		FFB74C7A2605257A0087AE07 /* SF-Pro-Display-Thin.otf */ = {isa = PBXFileReference; lastKnownFileType = file; path = "SF-Pro-Display-Thin.otf"; sourceTree = "<group>"; };
		FFB74C7B2605257A0087AE07 /* SF-Pro-Display-Regular.otf */ = {isa = PBXFileReference; lastKnownFileType = file; path = "SF-Pro-Display-Regular.otf"; sourceTree = "<group>"; };
		FFB74C7C2605257A0087AE07 /* SF-Pro-Display-Bold.otf */ = {isa = PBXFileReference; lastKnownFileType = file; path = "SF-Pro-Display-Bold.otf"; sourceTree = "<group>"; };
		FFB74C7D2605257B0087AE07 /* SF-Pro-Display-Heavy.otf */ = {isa = PBXFileReference; lastKnownFileType = file; path = "SF-Pro-Display-Heavy.otf"; sourceTree = "<group>"; };
		FFB74C7F2605257B0087AE07 /* SF-Pro-Display-Ultralight.otf */ = {isa = PBXFileReference; lastKnownFileType = file; path = "SF-Pro-Display-Ultralight.otf"; sourceTree = "<group>"; };
		FFB74C812605257C0087AE07 /* SF-Pro-Display-Semibold.otf */ = {isa = PBXFileReference; lastKnownFileType = file; path = "SF-Pro-Display-Semibold.otf"; sourceTree = "<group>"; };
		FFB74C822605257C0087AE07 /* SF-Pro-Display-Medium.otf */ = {isa = PBXFileReference; lastKnownFileType = file; path = "SF-Pro-Display-Medium.otf"; sourceTree = "<group>"; };
		FFB74C99260527EE0087AE07 /* SF-Pro-Text-HeavyItalic.otf */ = {isa = PBXFileReference; lastKnownFileType = file; path = "SF-Pro-Text-HeavyItalic.otf"; sourceTree = "<group>"; };
		FFB74C9A260527EE0087AE07 /* SF-Pro-Text-MediumItalic.otf */ = {isa = PBXFileReference; lastKnownFileType = file; path = "SF-Pro-Text-MediumItalic.otf"; sourceTree = "<group>"; };
		FFB74C9B260527EE0087AE07 /* SF-Pro-Text-RegularItalic.otf */ = {isa = PBXFileReference; lastKnownFileType = file; path = "SF-Pro-Text-RegularItalic.otf"; sourceTree = "<group>"; };
		FFB74C9C260527EF0087AE07 /* SF-Pro-Text-Bold.otf */ = {isa = PBXFileReference; lastKnownFileType = file; path = "SF-Pro-Text-Bold.otf"; sourceTree = "<group>"; };
		FFB74C9D260527EF0087AE07 /* SF-Pro-Text-Semibold.otf */ = {isa = PBXFileReference; lastKnownFileType = file; path = "SF-Pro-Text-Semibold.otf"; sourceTree = "<group>"; };
		FFB74C9E260527EF0087AE07 /* SF-Pro-Text-Regular.otf */ = {isa = PBXFileReference; lastKnownFileType = file; path = "SF-Pro-Text-Regular.otf"; sourceTree = "<group>"; };
		FFB74C9F260527EF0087AE07 /* SF-Pro-Text-BoldItalic.otf */ = {isa = PBXFileReference; lastKnownFileType = file; path = "SF-Pro-Text-BoldItalic.otf"; sourceTree = "<group>"; };
		FFB74CA0260527F00087AE07 /* SF-Pro-Text-Light.otf */ = {isa = PBXFileReference; lastKnownFileType = file; path = "SF-Pro-Text-Light.otf"; sourceTree = "<group>"; };
		FFB74CA1260527F00087AE07 /* SF-Pro-Text-SemiboldItalic.otf */ = {isa = PBXFileReference; lastKnownFileType = file; path = "SF-Pro-Text-SemiboldItalic.otf"; sourceTree = "<group>"; };
		FFB74CA2260527F00087AE07 /* SF-Pro-Text-Medium.otf */ = {isa = PBXFileReference; lastKnownFileType = file; path = "SF-Pro-Text-Medium.otf"; sourceTree = "<group>"; };
		FFB74CA3260527F00087AE07 /* SF-Pro-Text-Heavy.otf */ = {isa = PBXFileReference; lastKnownFileType = file; path = "SF-Pro-Text-Heavy.otf"; sourceTree = "<group>"; };
		FFB74CA4260527F00087AE07 /* SF-Pro-Text-LightItalic.otf */ = {isa = PBXFileReference; lastKnownFileType = file; path = "SF-Pro-Text-LightItalic.otf"; sourceTree = "<group>"; };
		FFB74CB22605369D0087AE07 /* ErrorHandling.swift */ = {isa = PBXFileReference; lastKnownFileType = sourcecode.swift; path = ErrorHandling.swift; sourceTree = "<group>"; };
		FFB74CB6260536EC0087AE07 /* SnakePageControl.swift */ = {isa = PBXFileReference; lastKnownFileType = sourcecode.swift; path = SnakePageControl.swift; sourceTree = "<group>"; };
		FFB74CB92605371F0087AE07 /* Service.swift */ = {isa = PBXFileReference; lastKnownFileType = sourcecode.swift; path = Service.swift; sourceTree = "<group>"; };
		FFB74CBC2605377C0087AE07 /* NetworkActivityIndicatorManager.swift */ = {isa = PBXFileReference; lastKnownFileType = sourcecode.swift; path = NetworkActivityIndicatorManager.swift; sourceTree = "<group>"; };
		FFB74CC0260537A20087AE07 /* User.swift */ = {isa = PBXFileReference; lastKnownFileType = sourcecode.swift; path = User.swift; sourceTree = "<group>"; };
		FFB74CC5260537C00087AE07 /* History.swift */ = {isa = PBXFileReference; lastKnownFileType = sourcecode.swift; path = History.swift; sourceTree = "<group>"; };
		FFB74CC8260537CC0087AE07 /* HistoryCellModel.swift */ = {isa = PBXFileReference; lastKnownFileType = sourcecode.swift; path = HistoryCellModel.swift; sourceTree = "<group>"; };
		FFB74CCB260537E30087AE07 /* SpeedMasterProducts.swift */ = {isa = PBXFileReference; lastKnownFileType = sourcecode.swift; path = SpeedMasterProducts.swift; sourceTree = "<group>"; };
		FFB74CCF260537FD0087AE07 /* Settings.swift */ = {isa = PBXFileReference; lastKnownFileType = sourcecode.swift; path = Settings.swift; sourceTree = "<group>"; };
		FFB74CD2260538080087AE07 /* SettingsCellModel.swift */ = {isa = PBXFileReference; lastKnownFileType = sourcecode.swift; path = SettingsCellModel.swift; sourceTree = "<group>"; };
		FFB74CDA260538710087AE07 /* Premium.storyboard */ = {isa = PBXFileReference; lastKnownFileType = file.storyboard; path = Premium.storyboard; sourceTree = "<group>"; };
		FFBBD8B026100879006E678D /* Graph.swift */ = {isa = PBXFileReference; lastKnownFileType = sourcecode.swift; path = Graph.swift; sourceTree = "<group>"; };
		FFC5DA9B260539A100B8D5F6 /* IAPManager.swift */ = {isa = PBXFileReference; lastKnownFileType = sourcecode.swift; path = IAPManager.swift; sourceTree = "<group>"; };
		FFC5DA9F260539D800B8D5F6 /* PremiumTitle.swift */ = {isa = PBXFileReference; lastKnownFileType = sourcecode.swift; path = PremiumTitle.swift; sourceTree = "<group>"; };
		FFC5DAA82605426C00B8D5F6 /* FooterView.swift */ = {isa = PBXFileReference; lastKnownFileType = sourcecode.swift; path = FooterView.swift; sourceTree = "<group>"; };
		FFC5DAAE260545A700B8D5F6 /* Slide.swift */ = {isa = PBXFileReference; lastKnownFileType = sourcecode.swift; path = Slide.swift; sourceTree = "<group>"; };
		FFC5DAB1260545B100B8D5F6 /* Slide.xib */ = {isa = PBXFileReference; lastKnownFileType = file.xib; path = Slide.xib; sourceTree = "<group>"; };
		FFC5DABE260562A500B8D5F6 /* SettingsTableViewCell.swift */ = {isa = PBXFileReference; fileEncoding = 4; lastKnownFileType = sourcecode.swift; path = SettingsTableViewCell.swift; sourceTree = "<group>"; };
		FFC5DABF260562A600B8D5F6 /* SettingsTableViewCell.xib */ = {isa = PBXFileReference; fileEncoding = 4; lastKnownFileType = file.xib; path = SettingsTableViewCell.xib; sourceTree = "<group>"; };
		FFCDEC9F2608026A00C3A10D /* Constants.swift */ = {isa = PBXFileReference; lastKnownFileType = sourcecode.swift; path = Constants.swift; sourceTree = "<group>"; };
		FFCDECA326080FCF00C3A10D /* MeasureViewController.swift */ = {isa = PBXFileReference; lastKnownFileType = sourcecode.swift; path = MeasureViewController.swift; sourceTree = "<group>"; };
		FFD5025E260BE880001A9C15 /* SortViewController.swift */ = {isa = PBXFileReference; lastKnownFileType = sourcecode.swift; path = SortViewController.swift; sourceTree = "<group>"; };
		FFD50268260BF2DC001A9C15 /* Cache.swift */ = {isa = PBXFileReference; lastKnownFileType = sourcecode.swift; path = Cache.swift; sourceTree = "<group>"; };
		FFD50290260C2C03001A9C15 /* Examples.swift */ = {isa = PBXFileReference; lastKnownFileType = sourcecode.swift; path = Examples.swift; sourceTree = "<group>"; };
		FFD50293260C2C3F001A9C15 /* GraphType.swift */ = {isa = PBXFileReference; lastKnownFileType = sourcecode.swift; path = GraphType.swift; sourceTree = "<group>"; };
		FFD564CA2609245600BC4593 /* MainNavigationController.swift */ = {isa = PBXFileReference; lastKnownFileType = sourcecode.swift; path = MainNavigationController.swift; sourceTree = "<group>"; };
		FFD7CA142614DA4F002FBED1 /* GoogleService-Info.plist */ = {isa = PBXFileReference; fileEncoding = 4; lastKnownFileType = text.plist.xml; path = "GoogleService-Info.plist"; sourceTree = "<group>"; };
		FFE56CCF2606C29400A8370A /* UIDevice+Extension.swift */ = {isa = PBXFileReference; lastKnownFileType = sourcecode.swift; path = "UIDevice+Extension.swift"; sourceTree = "<group>"; };
		FFF1D3D5260E805B00133CBD /* Unit.swift */ = {isa = PBXFileReference; lastKnownFileType = sourcecode.swift; path = Unit.swift; sourceTree = "<group>"; };
		FFF1D3D8260EA68600133CBD /* Sequence+Extension.swift */ = {isa = PBXFileReference; lastKnownFileType = sourcecode.swift; path = "Sequence+Extension.swift"; sourceTree = "<group>"; };
/* End PBXFileReference section */

/* Begin PBXFrameworksBuildPhase section */
		FF0EA9AA26022E860051FFB7 /* Frameworks */ = {
			isa = PBXFrameworksBuildPhase;
			buildActionMask = 2147483647;
			files = (
				FF0EA9C926022EC50051FFB7 /* StoreKit.framework in Frameworks */,
				711477476963AFA8F2ED3064 /* Pods_SpeedMaster.framework in Frameworks */,
			);
			runOnlyForDeploymentPostprocessing = 0;
		};
/* End PBXFrameworksBuildPhase section */

/* Begin PBXGroup section */
		CA654C2973A0FF6E464DD7D0 /* Pods */ = {
			isa = PBXGroup;
			children = (
				B5E85D7C7F1E2F6CF0B6A7BF /* Pods-SpeedMaster.debug.xcconfig */,
				108DA1997D8FDD5F81296C83 /* Pods-SpeedMaster.release.xcconfig */,
			);
			path = Pods;
			sourceTree = "<group>";
		};
		FF0A8986260231D500ADF896 /* Fonts */ = {
			isa = PBXGroup;
			children = (
				FF0A8987260231D500ADF896 /* SF-Pro-Display */,
				FF0A8991260231D500ADF896 /* SF-Pro-Text */,
			);
			path = Fonts;
			sourceTree = "<group>";
		};
		FF0A8987260231D500ADF896 /* SF-Pro-Display */ = {
			isa = PBXGroup;
			children = (
				FF9629DC2627BF9800083278 /* SF-Pro-Display-BlackItalic.otf */,
				FF9629E42627BF9A00083278 /* SF-Pro-Display-BoldItalic.otf */,
				FF9629E32627BF9900083278 /* SF-Pro-Display-HeavyItalic.otf */,
				FF9629E12627BF9900083278 /* SF-Pro-Display-LightItalic.otf */,
				FF9629DE2627BF9800083278 /* SF-Pro-Display-MediumItalic.otf */,
				FF9629DF2627BF9900083278 /* SF-Pro-Display-RegularItalic.otf */,
				FF9629E22627BF9900083278 /* SF-Pro-Display-SemiboldItalic.otf */,
				FF9629DD2627BF9800083278 /* SF-Pro-Display-ThinItalic.otf */,
				FF9629E02627BF9900083278 /* SF-Pro-Display-UltralightItalic.otf */,
				FFB74C75260525790087AE07 /* SF-Pro-Display-Black.otf */,
				FFB74C7C2605257A0087AE07 /* SF-Pro-Display-Bold.otf */,
				FFB74C7D2605257B0087AE07 /* SF-Pro-Display-Heavy.otf */,
				FFB74C792605257A0087AE07 /* SF-Pro-Display-Light.otf */,
				FFB74C822605257C0087AE07 /* SF-Pro-Display-Medium.otf */,
				FFB74C7B2605257A0087AE07 /* SF-Pro-Display-Regular.otf */,
				FFB74C812605257C0087AE07 /* SF-Pro-Display-Semibold.otf */,
				FFB74C7A2605257A0087AE07 /* SF-Pro-Display-Thin.otf */,
				FFB74C7F2605257B0087AE07 /* SF-Pro-Display-Ultralight.otf */,
			);
			path = "SF-Pro-Display";
			sourceTree = "<group>";
		};
		FF0A8991260231D500ADF896 /* SF-Pro-Text */ = {
			isa = PBXGroup;
			children = (
				FFB74C9C260527EF0087AE07 /* SF-Pro-Text-Bold.otf */,
				FFB74C9F260527EF0087AE07 /* SF-Pro-Text-BoldItalic.otf */,
				FFB74CA3260527F00087AE07 /* SF-Pro-Text-Heavy.otf */,
				FFB74C99260527EE0087AE07 /* SF-Pro-Text-HeavyItalic.otf */,
				FFB74CA0260527F00087AE07 /* SF-Pro-Text-Light.otf */,
				FFB74CA4260527F00087AE07 /* SF-Pro-Text-LightItalic.otf */,
				FFB74CA2260527F00087AE07 /* SF-Pro-Text-Medium.otf */,
				FFB74C9A260527EE0087AE07 /* SF-Pro-Text-MediumItalic.otf */,
				FFB74C9E260527EF0087AE07 /* SF-Pro-Text-Regular.otf */,
				FFB74C9B260527EE0087AE07 /* SF-Pro-Text-RegularItalic.otf */,
				FFB74C9D260527EF0087AE07 /* SF-Pro-Text-Semibold.otf */,
				FFB74CA1260527F00087AE07 /* SF-Pro-Text-SemiboldItalic.otf */,
			);
			path = "SF-Pro-Text";
			sourceTree = "<group>";
		};
		FF0EA9A426022E860051FFB7 = {
			isa = PBXGroup;
			children = (
				FF0EA9AF26022E860051FFB7 /* SpeedMaster */,
				FF0EA9AE26022E860051FFB7 /* Products */,
				FF0EA9C726022EC50051FFB7 /* Frameworks */,
				CA654C2973A0FF6E464DD7D0 /* Pods */,
			);
			sourceTree = "<group>";
		};
		FF0EA9AE26022E860051FFB7 /* Products */ = {
			isa = PBXGroup;
			children = (
				FF0EA9AD26022E860051FFB7 /* SpeedMaster.app */,
			);
			name = Products;
			sourceTree = "<group>";
		};
		FF0EA9AF26022E860051FFB7 /* SpeedMaster */ = {
			isa = PBXGroup;
			children = (
				FF0EA9D326022F620051FFB7 /* Extensions */,
				FF0EA9D226022F5D0051FFB7 /* Helpers */,
				FF0EA9D126022F530051FFB7 /* Networking */,
				FF0EA9D026022F4A0051FFB7 /* Model */,
				FF0EA9CF26022F420051FFB7 /* Views */,
				FF0EA9CE26022F380051FFB7 /* Controllers */,
				FF0EA9CD26022F2B0051FFB7 /* Storyboards */,
				FF0EA9CC26022F240051FFB7 /* Resources */,
				FF0EA9CA26022F150051FFB7 /* Supporting Files */,
			);
			path = SpeedMaster;
			sourceTree = "<group>";
		};
		FF0EA9C726022EC50051FFB7 /* Frameworks */ = {
			isa = PBXGroup;
			children = (
				FF0EA9C826022EC50051FFB7 /* StoreKit.framework */,
				4722208A4602E3B287827483 /* Pods_SpeedMaster.framework */,
			);
			name = Frameworks;
			sourceTree = "<group>";
		};
		FF0EA9CA26022F150051FFB7 /* Supporting Files */ = {
			isa = PBXGroup;
			children = (
				FF0EA9B026022E860051FFB7 /* AppDelegate.swift */,
				FF0EA9B926022E890051FFB7 /* Assets.xcassets */,
				FF0EA9BE26022E890051FFB7 /* Info.plist */,
				FFD7CA142614DA4F002FBED1 /* GoogleService-Info.plist */,
			);
			path = "Supporting Files";
			sourceTree = "<group>";
		};
		FF0EA9CC26022F240051FFB7 /* Resources */ = {
			isa = PBXGroup;
			children = (
				FF0A8986260231D500ADF896 /* Fonts */,
			);
			path = Resources;
			sourceTree = "<group>";
		};
		FF0EA9CD26022F2B0051FFB7 /* Storyboards */ = {
			isa = PBXGroup;
			children = (
				FF0EA9BB26022E890051FFB7 /* LaunchScreen.storyboard */,
				FF0EA9B626022E860051FFB7 /* Main.storyboard */,
				FF26C917260D5F770037965C /* Weather.storyboard */,
				FFB74C6F2605232D0087AE07 /* Onboarding.storyboard */,
				FFB74CDA260538710087AE07 /* Premium.storyboard */,
			);
			path = Storyboards;
			sourceTree = "<group>";
		};
		FF0EA9CE26022F380051FFB7 /* Controllers */ = {
			isa = PBXGroup;
			children = (
				FFD564C92609243300BC4593 /* MainNavigationController */,
				FF0EA9D526022F8B0051FFB7 /* MainTabBarController */,
				FF0EA9D626022F990051FFB7 /* Onboarding */,
				FF6912E7260472F70049DBA7 /* UpgradeToPremium */,
				FF26C912260D55240037965C /* WeatherController */,
				FF6912DD2604729B0049DBA7 /* HistoryViewController.swift */,
				FF6912E0260472AB0049DBA7 /* SpeedometerViewController.swift */,
				FF6912E3260472B50049DBA7 /* SettingsViewController.swift */,
				FFCDECA326080FCF00C3A10D /* MeasureViewController.swift */,
				FFD5025E260BE880001A9C15 /* SortViewController.swift */,
			);
			path = Controllers;
			sourceTree = "<group>";
		};
		FF0EA9CF26022F420051FFB7 /* Views */ = {
			isa = PBXGroup;
			children = (
				FF6912D726045D2D0049DBA7 /* LaunchView.xib */,
				FF26C90D260D48FB0037965C /* SpeedometerView */,
				FFB74CD92605382F0087AE07 /* SectionHeaderView */,
				FFB74CD82605382A0087AE07 /* FooterView */,
				FFB74CD7260538270087AE07 /* Slide */,
				FFB74CD62605381D0087AE07 /* HistoryTableViewCell */,
				FFB74CD5260538100087AE07 /* SettingsTableViewCell */,
			);
			path = Views;
			sourceTree = "<group>";
		};
		FF0EA9D026022F4A0051FFB7 /* Model */ = {
			isa = PBXGroup;
			children = (
				FF26C92D260D70870037965C /* WeatherModel */,
				FFB74CBF260537980087AE07 /* User */,
				FFB74CC4260537AD0087AE07 /* HistoryModel */,
				FFB74CCE260537E90087AE07 /* SettingsModel */,
			);
			path = Model;
			sourceTree = "<group>";
		};
		FF0EA9D126022F530051FFB7 /* Networking */ = {
			isa = PBXGroup;
			children = (
				FFB74CB92605371F0087AE07 /* Service.swift */,
				FFB74CBC2605377C0087AE07 /* NetworkActivityIndicatorManager.swift */,
			);
			path = Networking;
			sourceTree = "<group>";
		};
		FF0EA9D226022F5D0051FFB7 /* Helpers */ = {
			isa = PBXGroup;
			children = (
				FF0A8973260230CD00ADF896 /* Switcher.swift */,
				FFD50268260BF2DC001A9C15 /* Cache.swift */,
				FF6912F02604742D0049DBA7 /* Functions.swift */,
				FFB74CB22605369D0087AE07 /* ErrorHandling.swift */,
				FFCDEC9F2608026A00C3A10D /* Constants.swift */,
				FF2826DB260D200400C6C7A8 /* GraphView */,
				FF7B83ED260E261B00021D3A /* CircularProgressBar */,
				FFB74CB5260536DC0087AE07 /* SnakePageControl */,
				FFC5DA9A2605398800B8D5F6 /* IAP */,
			);
			path = Helpers;
			sourceTree = "<group>";
		};
		FF0EA9D326022F620051FFB7 /* Extensions */ = {
			isa = PBXGroup;
			children = (
				FF0A89772602313400ADF896 /* UIViewController+Extension.swift */,
				FF0A897A2602314D00ADF896 /* UIView+Extension.swift */,
				FF0A897D2602316900ADF896 /* UITextField+Extension.swift */,
				FF0A89802602318500ADF896 /* UIImage+Extension.swift */,
				FF0A8983260231A600ADF896 /* UIColor+Extension.swift */,
				FF0A89A8260231E600ADF896 /* UIFont+Extension.swift */,
				FF6912F3260480870049DBA7 /* UITabBar+Extension.swift */,
				FF0A89AB2602320000ADF896 /* UITableView+Extension.swift */,
				FFE56CCF2606C29400A8370A /* UIDevice+Extension.swift */,
				FF0A89AE2602325300ADF896 /* NSLayoutConstraint+Extension.swift */,
				FF0A89B12602326B00ADF896 /* String+Extension.swift */,
				FF0A89B42602328600ADF896 /* Date+Extension.swift */,
				FF0A89B72602329D00ADF896 /* Double+Extension.swift */,
				FFF1D3D8260EA68600133CBD /* Sequence+Extension.swift */,
			);
			path = Extensions;
			sourceTree = "<group>";
		};
		FF0EA9D526022F8B0051FFB7 /* MainTabBarController */ = {
			isa = PBXGroup;
			children = (
				FF6912DA260471CE0049DBA7 /* MainTabBarViewController.swift */,
			);
			path = MainTabBarController;
			sourceTree = "<group>";
		};
		FF0EA9D626022F990051FFB7 /* Onboarding */ = {
			isa = PBXGroup;
			children = (
				FF0EA9D726022FBC0051FFB7 /* PrivacyViewController.swift */,
				FF10866D260934E900A738FB /* OnboardingViewController.swift */,
			);
			path = Onboarding;
			sourceTree = "<group>";
		};
		FF26C90D260D48FB0037965C /* SpeedometerView */ = {
			isa = PBXGroup;
			children = (
				FF26C90E260D491B0037965C /* SpeedometerView.swift */,
			);
			path = SpeedometerView;
			sourceTree = "<group>";
		};
		FF26C912260D55240037965C /* WeatherController */ = {
			isa = PBXGroup;
			children = (
				FF26C913260D55400037965C /* WeatherViewController.swift */,
			);
			path = WeatherController;
			sourceTree = "<group>";
		};
		FF26C92D260D70870037965C /* WeatherModel */ = {
			isa = PBXGroup;
			children = (
				FF26C92E260D70930037965C /* Weather.swift */,
				FFF1D3D5260E805B00133CBD /* Unit.swift */,
				FF47FF9326116AF80074AC04 /* Sorting.swift */,
			);
			path = WeatherModel;
			sourceTree = "<group>";
		};
		FF2826DB260D200400C6C7A8 /* GraphView */ = {
			isa = PBXGroup;
			children = (
				FF2826DE260D203000C6C7A8 /* Drawing */,
				FF2826E1260D203F00C6C7A8 /* Plots */,
				FF2826E0260D203D00C6C7A8 /* Protocols */,
				FF2826DF260D203800C6C7A8 /* Reference */,
				FF2826F8260D214D00C6C7A8 /* ScrollableGraphView.swift */,
				FFD50290260C2C03001A9C15 /* Examples.swift */,
				FFBBD8B026100879006E678D /* Graph.swift */,
				FFD50293260C2C3F001A9C15 /* GraphType.swift */,
			);
			path = GraphView;
			sourceTree = "<group>";
		};
		FF2826DE260D203000C6C7A8 /* Drawing */ = {
			isa = PBXGroup;
			children = (
				FF282713260D227300C6C7A8 /* BarDrawingLayer.swift */,
				FF282729260D23FF00C6C7A8 /* DotDrawingLayer.swift */,
				FF28272C260D241400C6C7A8 /* FillDrawingLayer.swift */,
				FF28271C260D237300C6C7A8 /* GradientDrawingLayer.swift */,
				FF28271F260D239A00C6C7A8 /* LineDrawingLayer.swift */,
				FF282719260D233D00C6C7A8 /* ReferenceLineDrawingView.swift */,
				FF282716260D22A200C6C7A8 /* ScrollableGraphViewDrawingLayer.swift */,
			);
			path = Drawing;
			sourceTree = "<group>";
		};
		FF2826DF260D203800C6C7A8 /* Reference */ = {
			isa = PBXGroup;
			children = (
				FF2826E2260D207100C6C7A8 /* ReferenceLines.swift */,
				FF2826FB260D217400C6C7A8 /* LabelPool.swift */,
			);
			path = Reference;
			sourceTree = "<group>";
		};
		FF2826E0260D203D00C6C7A8 /* Protocols */ = {
			isa = PBXGroup;
			children = (
				FF2826FE260D21AA00C6C7A8 /* ScrollableGraphViewDataSource.swift */,
				FF282701260D21DD00C6C7A8 /* ScrollableGraphViewDrawingDelegate.swift */,
			);
			path = Protocols;
			sourceTree = "<group>";
		};
		FF2826E1260D203F00C6C7A8 /* Plots */ = {
			isa = PBXGroup;
			children = (
				FF28270C260D222D00C6C7A8 /* Animation */,
				FF282709260D221F00C6C7A8 /* BarPlot.swift */,
				FF282722260D23D100C6C7A8 /* DotPlot.swift */,
				FF282726260D23E300C6C7A8 /* LinePlot.swift */,
				FF282705260D220500C6C7A8 /* Plot.swift */,
			);
			path = Plots;
			sourceTree = "<group>";
		};
		FF28270C260D222D00C6C7A8 /* Animation */ = {
			isa = PBXGroup;
			children = (
				FF28270D260D223B00C6C7A8 /* GraphPoint.swift */,
				FF282710260D225000C6C7A8 /* GraphPointAnimation.swift */,
			);
			path = Animation;
			sourceTree = "<group>";
		};
		FF6912E7260472F70049DBA7 /* UpgradeToPremium */ = {
			isa = PBXGroup;
			children = (
				FF6912E9260473600049DBA7 /* UpgradeToPremiumViewController.swift */,
				FF6912ED260473760049DBA7 /* UpgradeFromSettingsViewController.swift */,
			);
			path = UpgradeToPremium;
			sourceTree = "<group>";
		};
		FF7B83ED260E261B00021D3A /* CircularProgressBar */ = {
			isa = PBXGroup;
			children = (
				FF7B83F3260E327F00021D3A /* CircularProgress.swift */,
			);
			path = CircularProgressBar;
			sourceTree = "<group>";
		};
		FFB74CB5260536DC0087AE07 /* SnakePageControl */ = {
			isa = PBXGroup;
			children = (
				FFB74CB6260536EC0087AE07 /* SnakePageControl.swift */,
			);
			path = SnakePageControl;
			sourceTree = "<group>";
		};
		FFB74CBF260537980087AE07 /* User */ = {
			isa = PBXGroup;
			children = (
				FFB74CC0260537A20087AE07 /* User.swift */,
			);
			path = User;
			sourceTree = "<group>";
		};
		FFB74CC4260537AD0087AE07 /* HistoryModel */ = {
			isa = PBXGroup;
			children = (
				FFB74CC5260537C00087AE07 /* History.swift */,
				FFB74CC8260537CC0087AE07 /* HistoryCellModel.swift */,
				FFB74CCB260537E30087AE07 /* SpeedMasterProducts.swift */,
			);
			path = HistoryModel;
			sourceTree = "<group>";
		};
		FFB74CCE260537E90087AE07 /* SettingsModel */ = {
			isa = PBXGroup;
			children = (
				FFB74CCF260537FD0087AE07 /* Settings.swift */,
				FFB74CD2260538080087AE07 /* SettingsCellModel.swift */,
			);
			path = SettingsModel;
			sourceTree = "<group>";
		};
		FFB74CD5260538100087AE07 /* SettingsTableViewCell */ = {
			isa = PBXGroup;
			children = (
				FFC5DABE260562A500B8D5F6 /* SettingsTableViewCell.swift */,
				FFC5DABF260562A600B8D5F6 /* SettingsTableViewCell.xib */,
			);
			path = SettingsTableViewCell;
			sourceTree = "<group>";
		};
		FFB74CD62605381D0087AE07 /* HistoryTableViewCell */ = {
			isa = PBXGroup;
			children = (
				FF704EA9260AA00700D0919A /* HistoryTableViewCell.swift */,
				FF704EAA260AA00700D0919A /* HistoryTableViewCell.xib */,
			);
			path = HistoryTableViewCell;
			sourceTree = "<group>";
		};
		FFB74CD7260538270087AE07 /* Slide */ = {
			isa = PBXGroup;
			children = (
				FFC5DAAE260545A700B8D5F6 /* Slide.swift */,
				FFC5DAB1260545B100B8D5F6 /* Slide.xib */,
			);
			path = Slide;
			sourceTree = "<group>";
		};
		FFB74CD82605382A0087AE07 /* FooterView */ = {
			isa = PBXGroup;
			children = (
				FFC5DAA82605426C00B8D5F6 /* FooterView.swift */,
			);
			path = FooterView;
			sourceTree = "<group>";
		};
		FFB74CD92605382F0087AE07 /* SectionHeaderView */ = {
			isa = PBXGroup;
			children = (
				FF1A65D5260BCE7200ECA29C /* SectionHeader.swift */,
			);
			path = SectionHeaderView;
			sourceTree = "<group>";
		};
		FFC5DA9A2605398800B8D5F6 /* IAP */ = {
			isa = PBXGroup;
			children = (
				FFC5DA9B260539A100B8D5F6 /* IAPManager.swift */,
				FF0A113D2612C1880090A846 /* IAPHelper.swift */,
				FFC5DA9F260539D800B8D5F6 /* PremiumTitle.swift */,
			);
			path = IAP;
			sourceTree = "<group>";
		};
		FFD564C92609243300BC4593 /* MainNavigationController */ = {
			isa = PBXGroup;
			children = (
				FFD564CA2609245600BC4593 /* MainNavigationController.swift */,
			);
			path = MainNavigationController;
			sourceTree = "<group>";
		};
/* End PBXGroup section */

/* Begin PBXNativeTarget section */
		FF0EA9AC26022E860051FFB7 /* SpeedMaster */ = {
			isa = PBXNativeTarget;
			buildConfigurationList = FF0EA9C126022E890051FFB7 /* Build configuration list for PBXNativeTarget "SpeedMaster" */;
			buildPhases = (
				8E3AE4BC151704C823B4794C /* [CP] Check Pods Manifest.lock */,
				FF0EA9A926022E860051FFB7 /* Sources */,
				FF0EA9AA26022E860051FFB7 /* Frameworks */,
				FF0EA9AB26022E860051FFB7 /* Resources */,
				DDAC30DF90130F065AE3BC87 /* [CP] Embed Pods Frameworks */,
			);
			buildRules = (
			);
			dependencies = (
			);
			name = SpeedMaster;
			productName = SpeedMaster;
			productReference = FF0EA9AD26022E860051FFB7 /* SpeedMaster.app */;
			productType = "com.apple.product-type.application";
		};
/* End PBXNativeTarget section */

/* Begin PBXProject section */
		FF0EA9A526022E860051FFB7 /* Project object */ = {
			isa = PBXProject;
			attributes = {
				LastSwiftUpdateCheck = 1240;
				LastUpgradeCheck = 1240;
				TargetAttributes = {
					FF0EA9AC26022E860051FFB7 = {
						CreatedOnToolsVersion = 12.4;
					};
				};
			};
			buildConfigurationList = FF0EA9A826022E860051FFB7 /* Build configuration list for PBXProject "SpeedMaster" */;
			compatibilityVersion = "Xcode 9.3";
			developmentRegion = en;
			hasScannedForEncodings = 0;
			knownRegions = (
				en,
				Base,
			);
			mainGroup = FF0EA9A426022E860051FFB7;
			productRefGroup = FF0EA9AE26022E860051FFB7 /* Products */;
			projectDirPath = "";
			projectRoot = "";
			targets = (
				FF0EA9AC26022E860051FFB7 /* SpeedMaster */,
			);
		};
/* End PBXProject section */

/* Begin PBXResourcesBuildPhase section */
		FF0EA9AB26022E860051FFB7 /* Resources */ = {
			isa = PBXResourcesBuildPhase;
			buildActionMask = 2147483647;
			files = (
				FF9629EA2627BF9A00083278 /* SF-Pro-Display-LightItalic.otf in Resources */,
				FF26C918260D5F770037965C /* Weather.storyboard in Resources */,
				FF9629E52627BF9A00083278 /* SF-Pro-Display-BlackItalic.otf in Resources */,
				FF9629E62627BF9A00083278 /* SF-Pro-Display-ThinItalic.otf in Resources */,
				FFB74C932605257D0087AE07 /* SF-Pro-Display-Semibold.otf in Resources */,
				FF9629E92627BF9A00083278 /* SF-Pro-Display-UltralightItalic.otf in Resources */,
				FFB74CAC260527F00087AE07 /* SF-Pro-Text-Light.otf in Resources */,
				FFB74CA7260527F00087AE07 /* SF-Pro-Text-RegularItalic.otf in Resources */,
				FFB74CAE260527F00087AE07 /* SF-Pro-Text-Medium.otf in Resources */,
				FFB74C8F2605257D0087AE07 /* SF-Pro-Display-Heavy.otf in Resources */,
				FF9629E82627BF9A00083278 /* SF-Pro-Display-RegularItalic.otf in Resources */,
				FFC5DAB2260545B100B8D5F6 /* Slide.xib in Resources */,
				FFB74C912605257D0087AE07 /* SF-Pro-Display-Ultralight.otf in Resources */,
				FF0EA9BD26022E890051FFB7 /* LaunchScreen.storyboard in Resources */,
				FF9629E72627BF9A00083278 /* SF-Pro-Display-MediumItalic.otf in Resources */,
				FFB74C8B2605257D0087AE07 /* SF-Pro-Display-Light.otf in Resources */,
				FFB74CAF260527F00087AE07 /* SF-Pro-Text-Heavy.otf in Resources */,
				FF9629EB2627BF9A00083278 /* SF-Pro-Display-SemiboldItalic.otf in Resources */,
				FFB74C872605257D0087AE07 /* SF-Pro-Display-Black.otf in Resources */,
				FF0EA9BA26022E890051FFB7 /* Assets.xcassets in Resources */,
				FFB74CA5260527F00087AE07 /* SF-Pro-Text-HeavyItalic.otf in Resources */,
				FFB74C8E2605257D0087AE07 /* SF-Pro-Display-Bold.otf in Resources */,
				FF9629ED2627BF9A00083278 /* SF-Pro-Display-BoldItalic.otf in Resources */,
				FFB74C702605232D0087AE07 /* Onboarding.storyboard in Resources */,
				FFB74CAD260527F00087AE07 /* SF-Pro-Text-SemiboldItalic.otf in Resources */,
				FFB74CAA260527F00087AE07 /* SF-Pro-Text-Regular.otf in Resources */,
				FFB74C8C2605257D0087AE07 /* SF-Pro-Display-Thin.otf in Resources */,
				FFB74CA6260527F00087AE07 /* SF-Pro-Text-MediumItalic.otf in Resources */,
				FFB74CA8260527F00087AE07 /* SF-Pro-Text-Bold.otf in Resources */,
				FFC5DAC1260562A600B8D5F6 /* SettingsTableViewCell.xib in Resources */,
				FF0EA9B826022E860051FFB7 /* Main.storyboard in Resources */,
				FFB74CA9260527F00087AE07 /* SF-Pro-Text-Semibold.otf in Resources */,
				FF6912D826045D2D0049DBA7 /* LaunchView.xib in Resources */,
				FFB74CB0260527F00087AE07 /* SF-Pro-Text-LightItalic.otf in Resources */,
				FFB74C942605257D0087AE07 /* SF-Pro-Display-Medium.otf in Resources */,
				FF704EAC260AA00700D0919A /* HistoryTableViewCell.xib in Resources */,
				FFB74CDB260538710087AE07 /* Premium.storyboard in Resources */,
				FFB74C8D2605257D0087AE07 /* SF-Pro-Display-Regular.otf in Resources */,
				FFB74CAB260527F00087AE07 /* SF-Pro-Text-BoldItalic.otf in Resources */,
				FFD7CA152614DA4F002FBED1 /* GoogleService-Info.plist in Resources */,
				FF9629EC2627BF9A00083278 /* SF-Pro-Display-HeavyItalic.otf in Resources */,
			);
			runOnlyForDeploymentPostprocessing = 0;
		};
/* End PBXResourcesBuildPhase section */

/* Begin PBXShellScriptBuildPhase section */
		8E3AE4BC151704C823B4794C /* [CP] Check Pods Manifest.lock */ = {
			isa = PBXShellScriptBuildPhase;
			buildActionMask = 2147483647;
			files = (
			);
			inputFileListPaths = (
			);
			inputPaths = (
				"${PODS_PODFILE_DIR_PATH}/Podfile.lock",
				"${PODS_ROOT}/Manifest.lock",
			);
			name = "[CP] Check Pods Manifest.lock";
			outputFileListPaths = (
			);
			outputPaths = (
				"$(DERIVED_FILE_DIR)/Pods-SpeedMaster-checkManifestLockResult.txt",
			);
			runOnlyForDeploymentPostprocessing = 0;
			shellPath = /bin/sh;
			shellScript = "diff \"${PODS_PODFILE_DIR_PATH}/Podfile.lock\" \"${PODS_ROOT}/Manifest.lock\" > /dev/null\nif [ $? != 0 ] ; then\n    # print error to STDERR\n    echo \"error: The sandbox is not in sync with the Podfile.lock. Run 'pod install' or update your CocoaPods installation.\" >&2\n    exit 1\nfi\n# This output is used by Xcode 'outputs' to avoid re-running this script phase.\necho \"SUCCESS\" > \"${SCRIPT_OUTPUT_FILE_0}\"\n";
			showEnvVarsInLog = 0;
		};
		DDAC30DF90130F065AE3BC87 /* [CP] Embed Pods Frameworks */ = {
			isa = PBXShellScriptBuildPhase;
			buildActionMask = 2147483647;
			files = (
			);
			inputFileListPaths = (
				"${PODS_ROOT}/Target Support Files/Pods-SpeedMaster/Pods-SpeedMaster-frameworks-${CONFIGURATION}-input-files.xcfilelist",
			);
			name = "[CP] Embed Pods Frameworks";
			outputFileListPaths = (
				"${PODS_ROOT}/Target Support Files/Pods-SpeedMaster/Pods-SpeedMaster-frameworks-${CONFIGURATION}-output-files.xcfilelist",
			);
			runOnlyForDeploymentPostprocessing = 0;
			shellPath = /bin/sh;
			shellScript = "\"${PODS_ROOT}/Target Support Files/Pods-SpeedMaster/Pods-SpeedMaster-frameworks.sh\"\n";
			showEnvVarsInLog = 0;
		};
/* End PBXShellScriptBuildPhase section */

/* Begin PBXSourcesBuildPhase section */
		FF0EA9A926022E860051FFB7 /* Sources */ = {
			isa = PBXSourcesBuildPhase;
			buildActionMask = 2147483647;
			files = (
				FFD50269260BF2DC001A9C15 /* Cache.swift in Sources */,
				FF282711260D225000C6C7A8 /* GraphPointAnimation.swift in Sources */,
				FF6912DB260471CE0049DBA7 /* MainTabBarViewController.swift in Sources */,
				FF0A89782602313400ADF896 /* UIViewController+Extension.swift in Sources */,
				FFB74CC6260537C00087AE07 /* History.swift in Sources */,
				FFB74CBA2605371F0087AE07 /* Service.swift in Sources */,
				FF26C914260D55400037965C /* WeatherViewController.swift in Sources */,
				FFC5DAC0260562A600B8D5F6 /* SettingsTableViewCell.swift in Sources */,
				FF26C90F260D491B0037965C /* SpeedometerView.swift in Sources */,
				FFB74CC9260537CC0087AE07 /* HistoryCellModel.swift in Sources */,
				FFB74CBD2605377C0087AE07 /* NetworkActivityIndicatorManager.swift in Sources */,
				FFC5DAA92605426C00B8D5F6 /* FooterView.swift in Sources */,
				FF1A65D6260BCE7200ECA29C /* SectionHeader.swift in Sources */,
				FF0A89812602318500ADF896 /* UIImage+Extension.swift in Sources */,
				FFF1D3D6260E805B00133CBD /* Unit.swift in Sources */,
				FFB74CC1260537A20087AE07 /* User.swift in Sources */,
				FFC5DAA0260539D800B8D5F6 /* PremiumTitle.swift in Sources */,
				FF2826E3260D207100C6C7A8 /* ReferenceLines.swift in Sources */,
				FF0A89B82602329D00ADF896 /* Double+Extension.swift in Sources */,
				FF28272D260D241400C6C7A8 /* FillDrawingLayer.swift in Sources */,
				FFB74CB32605369D0087AE07 /* ErrorHandling.swift in Sources */,
				FF0A89B52602328600ADF896 /* Date+Extension.swift in Sources */,
				FF6912EA260473600049DBA7 /* UpgradeToPremiumViewController.swift in Sources */,
				FF26C92F260D70930037965C /* Weather.swift in Sources */,
				FF0EA9B126022E860051FFB7 /* AppDelegate.swift in Sources */,
				FF282714260D227300C6C7A8 /* BarDrawingLayer.swift in Sources */,
				FF0A89AF2602325300ADF896 /* NSLayoutConstraint+Extension.swift in Sources */,
				FF28271D260D237300C6C7A8 /* GradientDrawingLayer.swift in Sources */,
				FF7B83F4260E327F00021D3A /* CircularProgress.swift in Sources */,
				FFD564CB2609245600BC4593 /* MainNavigationController.swift in Sources */,
				FF282706260D220500C6C7A8 /* Plot.swift in Sources */,
				FF6912DE2604729B0049DBA7 /* HistoryViewController.swift in Sources */,
				FFD5025F260BE880001A9C15 /* SortViewController.swift in Sources */,
				FF0A89B22602326B00ADF896 /* String+Extension.swift in Sources */,
				FF6912EE260473760049DBA7 /* UpgradeFromSettingsViewController.swift in Sources */,
				FF6912E1260472AB0049DBA7 /* SpeedometerViewController.swift in Sources */,
				FF0EA9D826022FBC0051FFB7 /* PrivacyViewController.swift in Sources */,
				FFCDECA02608026A00C3A10D /* Constants.swift in Sources */,
				FF282723260D23D100C6C7A8 /* DotPlot.swift in Sources */,
				FF0A897E2602316900ADF896 /* UITextField+Extension.swift in Sources */,
				FF28270A260D221F00C6C7A8 /* BarPlot.swift in Sources */,
				FFB74CD3260538080087AE07 /* SettingsCellModel.swift in Sources */,
				FF0A897B2602314D00ADF896 /* UIView+Extension.swift in Sources */,
				FF0A113E2612C1880090A846 /* IAPHelper.swift in Sources */,
				FF282727260D23E300C6C7A8 /* LinePlot.swift in Sources */,
				FF28270E260D223B00C6C7A8 /* GraphPoint.swift in Sources */,
				FFD50294260C2C3F001A9C15 /* GraphType.swift in Sources */,
				FF28271A260D233D00C6C7A8 /* ReferenceLineDrawingView.swift in Sources */,
				FF282702260D21DD00C6C7A8 /* ScrollableGraphViewDrawingDelegate.swift in Sources */,
				FF10866E260934E900A738FB /* OnboardingViewController.swift in Sources */,
				FFB74CD0260537FD0087AE07 /* Settings.swift in Sources */,
				FF704EAB260AA00700D0919A /* HistoryTableViewCell.swift in Sources */,
				FF0A89A9260231E600ADF896 /* UIFont+Extension.swift in Sources */,
				FFF1D3D9260EA68700133CBD /* Sequence+Extension.swift in Sources */,
				FF28272A260D23FF00C6C7A8 /* DotDrawingLayer.swift in Sources */,
				FF282720260D239A00C6C7A8 /* LineDrawingLayer.swift in Sources */,
				FFB74CB7260536EC0087AE07 /* SnakePageControl.swift in Sources */,
				FFB74CCC260537E30087AE07 /* SpeedMasterProducts.swift in Sources */,
				FFCDECA426080FCF00C3A10D /* MeasureViewController.swift in Sources */,
				FFBBD8B126100879006E678D /* Graph.swift in Sources */,
				FF2826FC260D217400C6C7A8 /* LabelPool.swift in Sources */,
				FF2826F9260D214D00C6C7A8 /* ScrollableGraphView.swift in Sources */,
				FF0A89AC2602320000ADF896 /* UITableView+Extension.swift in Sources */,
				FF2826FF260D21AA00C6C7A8 /* ScrollableGraphViewDataSource.swift in Sources */,
				FFD50291260C2C03001A9C15 /* Examples.swift in Sources */,
				FFE56CD02606C29400A8370A /* UIDevice+Extension.swift in Sources */,
				FF6912F12604742D0049DBA7 /* Functions.swift in Sources */,
				FF282717260D22A200C6C7A8 /* ScrollableGraphViewDrawingLayer.swift in Sources */,
				FF0A8974260230CD00ADF896 /* Switcher.swift in Sources */,
				FF6912F4260480870049DBA7 /* UITabBar+Extension.swift in Sources */,
				FFC5DAAF260545A700B8D5F6 /* Slide.swift in Sources */,
				FF0A8984260231A600ADF896 /* UIColor+Extension.swift in Sources */,
				FF47FF9426116AF80074AC04 /* Sorting.swift in Sources */,
				FF6912E4260472B50049DBA7 /* SettingsViewController.swift in Sources */,
			);
			runOnlyForDeploymentPostprocessing = 0;
		};
/* End PBXSourcesBuildPhase section */

/* Begin PBXVariantGroup section */
		FF0EA9B626022E860051FFB7 /* Main.storyboard */ = {
			isa = PBXVariantGroup;
			children = (
				FF0EA9B726022E860051FFB7 /* Base */,
			);
			name = Main.storyboard;
			sourceTree = "<group>";
		};
		FF0EA9BB26022E890051FFB7 /* LaunchScreen.storyboard */ = {
			isa = PBXVariantGroup;
			children = (
				FF0EA9BC26022E890051FFB7 /* Base */,
			);
			name = LaunchScreen.storyboard;
			sourceTree = "<group>";
		};
/* End PBXVariantGroup section */

/* Begin XCBuildConfiguration section */
		FF0EA9BF26022E890051FFB7 /* Debug */ = {
			isa = XCBuildConfiguration;
			buildSettings = {
				ALWAYS_SEARCH_USER_PATHS = NO;
				CLANG_ANALYZER_NONNULL = YES;
				CLANG_ANALYZER_NUMBER_OBJECT_CONVERSION = YES_AGGRESSIVE;
				CLANG_CXX_LANGUAGE_STANDARD = "gnu++14";
				CLANG_CXX_LIBRARY = "libc++";
				CLANG_ENABLE_MODULES = YES;
				CLANG_ENABLE_OBJC_ARC = YES;
				CLANG_ENABLE_OBJC_WEAK = YES;
				CLANG_WARN_BLOCK_CAPTURE_AUTORELEASING = YES;
				CLANG_WARN_BOOL_CONVERSION = YES;
				CLANG_WARN_COMMA = YES;
				CLANG_WARN_CONSTANT_CONVERSION = YES;
				CLANG_WARN_DEPRECATED_OBJC_IMPLEMENTATIONS = YES;
				CLANG_WARN_DIRECT_OBJC_ISA_USAGE = YES_ERROR;
				CLANG_WARN_DOCUMENTATION_COMMENTS = YES;
				CLANG_WARN_EMPTY_BODY = YES;
				CLANG_WARN_ENUM_CONVERSION = YES;
				CLANG_WARN_INFINITE_RECURSION = YES;
				CLANG_WARN_INT_CONVERSION = YES;
				CLANG_WARN_NON_LITERAL_NULL_CONVERSION = YES;
				CLANG_WARN_OBJC_IMPLICIT_RETAIN_SELF = YES;
				CLANG_WARN_OBJC_LITERAL_CONVERSION = YES;
				CLANG_WARN_OBJC_ROOT_CLASS = YES_ERROR;
				CLANG_WARN_QUOTED_INCLUDE_IN_FRAMEWORK_HEADER = YES;
				CLANG_WARN_RANGE_LOOP_ANALYSIS = YES;
				CLANG_WARN_STRICT_PROTOTYPES = YES;
				CLANG_WARN_SUSPICIOUS_MOVE = YES;
				CLANG_WARN_UNGUARDED_AVAILABILITY = YES_AGGRESSIVE;
				CLANG_WARN_UNREACHABLE_CODE = YES;
				CLANG_WARN__DUPLICATE_METHOD_MATCH = YES;
				COPY_PHASE_STRIP = NO;
				DEBUG_INFORMATION_FORMAT = dwarf;
				ENABLE_STRICT_OBJC_MSGSEND = YES;
				ENABLE_TESTABILITY = YES;
				GCC_C_LANGUAGE_STANDARD = gnu11;
				GCC_DYNAMIC_NO_PIC = NO;
				GCC_NO_COMMON_BLOCKS = YES;
				GCC_OPTIMIZATION_LEVEL = 0;
				GCC_PREPROCESSOR_DEFINITIONS = (
					"DEBUG=1",
					"$(inherited)",
				);
				GCC_WARN_64_TO_32_BIT_CONVERSION = YES;
				GCC_WARN_ABOUT_RETURN_TYPE = YES_ERROR;
				GCC_WARN_UNDECLARED_SELECTOR = YES;
				GCC_WARN_UNINITIALIZED_AUTOS = YES_AGGRESSIVE;
				GCC_WARN_UNUSED_FUNCTION = YES;
				GCC_WARN_UNUSED_VARIABLE = YES;
				IPHONEOS_DEPLOYMENT_TARGET = 12.1;
				MTL_ENABLE_DEBUG_INFO = INCLUDE_SOURCE;
				MTL_FAST_MATH = YES;
				ONLY_ACTIVE_ARCH = YES;
				SDKROOT = iphoneos;
				SWIFT_ACTIVE_COMPILATION_CONDITIONS = DEBUG;
				SWIFT_OPTIMIZATION_LEVEL = "-Onone";
			};
			name = Debug;
		};
		FF0EA9C026022E890051FFB7 /* Release */ = {
			isa = XCBuildConfiguration;
			buildSettings = {
				ALWAYS_SEARCH_USER_PATHS = NO;
				CLANG_ANALYZER_NONNULL = YES;
				CLANG_ANALYZER_NUMBER_OBJECT_CONVERSION = YES_AGGRESSIVE;
				CLANG_CXX_LANGUAGE_STANDARD = "gnu++14";
				CLANG_CXX_LIBRARY = "libc++";
				CLANG_ENABLE_MODULES = YES;
				CLANG_ENABLE_OBJC_ARC = YES;
				CLANG_ENABLE_OBJC_WEAK = YES;
				CLANG_WARN_BLOCK_CAPTURE_AUTORELEASING = YES;
				CLANG_WARN_BOOL_CONVERSION = YES;
				CLANG_WARN_COMMA = YES;
				CLANG_WARN_CONSTANT_CONVERSION = YES;
				CLANG_WARN_DEPRECATED_OBJC_IMPLEMENTATIONS = YES;
				CLANG_WARN_DIRECT_OBJC_ISA_USAGE = YES_ERROR;
				CLANG_WARN_DOCUMENTATION_COMMENTS = YES;
				CLANG_WARN_EMPTY_BODY = YES;
				CLANG_WARN_ENUM_CONVERSION = YES;
				CLANG_WARN_INFINITE_RECURSION = YES;
				CLANG_WARN_INT_CONVERSION = YES;
				CLANG_WARN_NON_LITERAL_NULL_CONVERSION = YES;
				CLANG_WARN_OBJC_IMPLICIT_RETAIN_SELF = YES;
				CLANG_WARN_OBJC_LITERAL_CONVERSION = YES;
				CLANG_WARN_OBJC_ROOT_CLASS = YES_ERROR;
				CLANG_WARN_QUOTED_INCLUDE_IN_FRAMEWORK_HEADER = YES;
				CLANG_WARN_RANGE_LOOP_ANALYSIS = YES;
				CLANG_WARN_STRICT_PROTOTYPES = YES;
				CLANG_WARN_SUSPICIOUS_MOVE = YES;
				CLANG_WARN_UNGUARDED_AVAILABILITY = YES_AGGRESSIVE;
				CLANG_WARN_UNREACHABLE_CODE = YES;
				CLANG_WARN__DUPLICATE_METHOD_MATCH = YES;
				COPY_PHASE_STRIP = NO;
				DEBUG_INFORMATION_FORMAT = "dwarf-with-dsym";
				ENABLE_NS_ASSERTIONS = NO;
				ENABLE_STRICT_OBJC_MSGSEND = YES;
				GCC_C_LANGUAGE_STANDARD = gnu11;
				GCC_NO_COMMON_BLOCKS = YES;
				GCC_WARN_64_TO_32_BIT_CONVERSION = YES;
				GCC_WARN_ABOUT_RETURN_TYPE = YES_ERROR;
				GCC_WARN_UNDECLARED_SELECTOR = YES;
				GCC_WARN_UNINITIALIZED_AUTOS = YES_AGGRESSIVE;
				GCC_WARN_UNUSED_FUNCTION = YES;
				GCC_WARN_UNUSED_VARIABLE = YES;
				IPHONEOS_DEPLOYMENT_TARGET = 12.1;
				MTL_ENABLE_DEBUG_INFO = NO;
				MTL_FAST_MATH = YES;
				SDKROOT = iphoneos;
				SWIFT_COMPILATION_MODE = wholemodule;
				SWIFT_OPTIMIZATION_LEVEL = "-O";
				VALIDATE_PRODUCT = YES;
			};
			name = Release;
		};
		FF0EA9C226022E890051FFB7 /* Debug */ = {
			isa = XCBuildConfiguration;
			baseConfigurationReference = B5E85D7C7F1E2F6CF0B6A7BF /* Pods-SpeedMaster.debug.xcconfig */;
			buildSettings = {
				ASSETCATALOG_COMPILER_APPICON_NAME = AppIcon;
				ASSETCATALOG_COMPILER_GLOBAL_ACCENT_COLOR_NAME = AccentColor;
				CODE_SIGN_STYLE = Automatic;
				DEVELOPMENT_TEAM = "";
				INFOPLIST_FILE = "$(SRCROOT)/SpeedMaster/Supporting Files/Info.plist";
				LD_RUNPATH_SEARCH_PATHS = (
					"$(inherited)",
					"@executable_path/Frameworks",
				);
				MARKETING_VERSION = 1.1.3;
				PRODUCT_BUNDLE_IDENTIFIER = com.mpsdev.speed;
				PRODUCT_NAME = "$(TARGET_NAME)";
				SWIFT_VERSION = 5.0;
				TARGETED_DEVICE_FAMILY = 1;
			};
			name = Debug;
		};
		FF0EA9C326022E890051FFB7 /* Release */ = {
			isa = XCBuildConfiguration;
			baseConfigurationReference = 108DA1997D8FDD5F81296C83 /* Pods-SpeedMaster.release.xcconfig */;
			buildSettings = {
				ASSETCATALOG_COMPILER_APPICON_NAME = AppIcon;
				ASSETCATALOG_COMPILER_GLOBAL_ACCENT_COLOR_NAME = AccentColor;
				CODE_SIGN_STYLE = Automatic;
				DEVELOPMENT_TEAM = "";
				INFOPLIST_FILE = "$(SRCROOT)/SpeedMaster/Supporting Files/Info.plist";
				LD_RUNPATH_SEARCH_PATHS = (
					"$(inherited)",
					"@executable_path/Frameworks",
				);
				MARKETING_VERSION = 1.1.3;
				PRODUCT_BUNDLE_IDENTIFIER = com.mpsdev.speed;
				PRODUCT_NAME = "$(TARGET_NAME)";
				SWIFT_VERSION = 5.0;
				TARGETED_DEVICE_FAMILY = 1;
			};
			name = Release;
		};
/* End XCBuildConfiguration section */

/* Begin XCConfigurationList section */
		FF0EA9A826022E860051FFB7 /* Build configuration list for PBXProject "SpeedMaster" */ = {
			isa = XCConfigurationList;
			buildConfigurations = (
				FF0EA9BF26022E890051FFB7 /* Debug */,
				FF0EA9C026022E890051FFB7 /* Release */,
			);
			defaultConfigurationIsVisible = 0;
			defaultConfigurationName = Release;
		};
		FF0EA9C126022E890051FFB7 /* Build configuration list for PBXNativeTarget "SpeedMaster" */ = {
			isa = XCConfigurationList;
			buildConfigurations = (
				FF0EA9C226022E890051FFB7 /* Debug */,
				FF0EA9C326022E890051FFB7 /* Release */,
			);
			defaultConfigurationIsVisible = 0;
			defaultConfigurationName = Release;
		};
/* End XCConfigurationList section */
	};
	rootObject = FF0EA9A526022E860051FFB7 /* Project object */;
}
